
Microsoft Visual Studio Solution File, Format Version 12.00
# Visual Studio Version 17
VisualStudioVersion = 17.2.32630.192
MinimumVisualStudioVersion = 10.0.40219.1
Project("{FAE04EC0-301F-11D3-BF4B-00C04F79EFBC}") = "Seminar1HomeWork1", "Seminar1HomeWork1\Seminar1HomeWork1.csproj", "{A64760BA-1ADF-4A59-B4B0-FD749D450620}"
EndProject
Global
	GlobalSection(SolutionConfigurationPlatforms) = preSolution
		Debug|Any CPU = Debug|Any CPU
		Release|Any CPU = Release|Any CPU
	EndGlobalSection
	GlobalSection(ProjectConfigurationPlatforms) = postSolution
		{A64760BA-1ADF-4A59-B4B0-FD749D450620}.Debug|Any CPU.ActiveCfg = Debug|Any CPU
		{A64760BA-1ADF-4A59-B4B0-FD749D450620}.Debug|Any CPU.Build.0 = Debug|Any CPU
		{A64760BA-1ADF-4A59-B4B0-FD749D450620}.Release|Any CPU.ActiveCfg = Release|Any CPU
		{A64760BA-1ADF-4A59-B4B0-FD749D450620}.Release|Any CPU.Build.0 = Release|Any CPU
	EndGlobalSection
	GlobalSection(SolutionProperties) = preSolution
		HideSolutionNode = FALSE
	EndGlobalSection
	GlobalSection(ExtensibilityGlobals) = postSolution
		SolutionGuid = {960D24DE-DCDC-4318-B10A-0B32871002BE}
	EndGlobalSection
EndGlobal
